{
  "name": "pcm-qr",
  "version": "1.0.0",
  "lockfileVersion": 3,
  "requires": true,
  "packages": {
    "": {
      "name": "pcm-qr",
      "version": "1.0.0",
      "license": "ISC",
      "dependencies": {
        "qr-code-styling": "^1.8.3"
      }
    },
    "node_modules/qr-code-styling": {
      "version": "1.8.3",
      "resolved": "https://registry.npmjs.org/qr-code-styling/-/qr-code-styling-1.8.3.tgz",
      "integrity": "sha512-c4X8evWe3KaMLCiCJEQR5VWCc2es9TgS+Sh/8aayDzZhecrDYIRPTlcUBGiDGEO+r+qWkKI9KL4iLmedGgt7pw==",
      "license": "MIT",
      "dependencies": {
        "qrcode-generator": "^1.4.4"
      },
      "engines": {
        "node": ">=18.18.0"
      }
    },
    "node_modules/qrcode-generator": {
      "version": "1.4.4",
      "resolved": "https://registry.npmjs.org/qrcode-generator/-/qrcode-generator-1.4.4.tgz",
      "integrity": "sha512-HM7yY8O2ilqhmULxGMpcHSF1EhJJ9yBj8gvDEuZ6M+KGJ0YY2hKpnXvRD+hZPLrDVck3ExIGhmPtSdcjC+guuw==",
      "license": "MIT"
    }
  }
}
